# This file is automatically @generated by Cargo.
# It is not intended for manual editing.
version = 4

[[package]]
name = "sim-cli"
version = "0.1.0"
dependencies = [
 "sim-core",
 "sim-proto",
 "sim-server",
 "sim-ui",
]

[[package]]
name = "sim-core"
version = "0.1.0"

[[package]]
name = "sim-proto"
version = "0.1.0"

[[package]]
name = "sim-server"
version = "0.1.0"
dependencies = [
 "sim-core",
 "sim-proto",
]

[[package]]
name = "sim-ui"
version = "0.1.0"
